
Microsoft Visual Studio Solution File, Format Version 12.00
# Visual Studio Version 17
VisualStudioVersion = 17.12.35527.113 d17.12
MinimumVisualStudioVersion = 10.0.40219.1
Project("{FAE04EC0-301F-11D3-BF4B-00C04F79EFBC}") = "Danchi", "Danchi\Danchi.csproj", "{D7BD0180-FDC5-46AA-96F0-AFC074EB3F3F}"
EndProject
Project("{2150E333-8FDC-42A3-9474-1A3956D46DE8}") = "Código", "Código", "{9458042B-D562-4301-8C2A-91267C31367E}"
EndProject
Project("{2150E333-8FDC-42A3-9474-1A3956D46DE8}") = "Documentación", "Documentación", "{F5A91E74-4A5C-42B5-AC19-2B4DF74524B2}"
	ProjectSection(SolutionItems) = preProject
		..\..\Documentación\Casos de uso extendidos.docx = ..\..\Documentación\Casos de uso extendidos.docx
		..\..\Documentación\Diagrama Actividades, proyecto DANCHI .pdf = ..\..\Documentación\Diagrama Actividades, proyecto DANCHI .pdf
		..\..\Documentación\Documentacion. Sistema de Gestión Administrativa de las Propiedades Horizontales..docx = ..\..\Documentación\Documentacion. Sistema de Gestión Administrativa de las Propiedades Horizontales..docx
		..\..\Documentación\Producto DANCHI. Software de gestión administrativo de propiedades horizontales.docx = ..\..\Documentación\Producto DANCHI. Software de gestión administrativo de propiedades horizontales.docx
		..\..\Documentación\PROYECTO DANCHI, PLANTILLA IEEE830, GRUPO 1..pdf = ..\..\Documentación\PROYECTO DANCHI, PLANTILLA IEEE830, GRUPO 1..pdf
	EndProjectSection
EndProject
Project("{2150E333-8FDC-42A3-9474-1A3956D46DE8}") = "Script", "Script", "{2EB1B90A-1A4B-468A-A1C5-D3F66F5CBEBB}"
	ProjectSection(SolutionItems) = preProject
		..\..\Danche\BD Danchi.sql = ..\..\Danche\BD Danchi.sql
	EndProjectSection
EndProject
Global
	GlobalSection(SolutionConfigurationPlatforms) = preSolution
		Debug|Any CPU = Debug|Any CPU
		Release|Any CPU = Release|Any CPU
	EndGlobalSection
	GlobalSection(ProjectConfigurationPlatforms) = postSolution
		{D7BD0180-FDC5-46AA-96F0-AFC074EB3F3F}.Debug|Any CPU.ActiveCfg = Debug|Any CPU
		{D7BD0180-FDC5-46AA-96F0-AFC074EB3F3F}.Debug|Any CPU.Build.0 = Debug|Any CPU
		{D7BD0180-FDC5-46AA-96F0-AFC074EB3F3F}.Release|Any CPU.ActiveCfg = Release|Any CPU
		{D7BD0180-FDC5-46AA-96F0-AFC074EB3F3F}.Release|Any CPU.Build.0 = Release|Any CPU
	EndGlobalSection
	GlobalSection(SolutionProperties) = preSolution
		HideSolutionNode = FALSE
	EndGlobalSection
	GlobalSection(NestedProjects) = preSolution
		{D7BD0180-FDC5-46AA-96F0-AFC074EB3F3F} = {9458042B-D562-4301-8C2A-91267C31367E}
	EndGlobalSection
EndGlobal
